{
    "name": "randts",
    "version": "0.0.9",
    "lockfileVersion": 2,
    "requires": true,
    "packages": {
        "": {
            "name": "randts",
            "version": "0.0.9",
            "license": "MIT",
            "dependencies": {
                "node-fpe": "^1.0.0",
                "typescript": "^4.0.0"
            },
            "devDependencies": {
                "@types/node": "16.11.22"
            }
        },
        "node_modules/@types/node": {
            "version": "16.11.22",
            "resolved": "https://registry.npmjs.org/@types/node/-/node-16.11.22.tgz",
            "integrity": "sha512-DYNtJWauMQ9RNpesl4aVothr97/tIJM8HbyOXJ0AYT1Z2bEjLHyfjOBPAQQVMLf8h3kSShYfNk8Wnto8B2zHUA==",
            "dev": true
        },
        "node_modules/node-fpe": {
            "version": "1.0.0",
            "resolved": "https://registry.npmjs.org/node-fpe/-/node-fpe-1.0.0.tgz",
            "integrity": "sha1-7KtXbkf1eJNO+6TnpIJ78pKGJhw=",
            "engines": {
                "node": ">=6.6.0"
            }
        },
        "node_modules/typescript": {
            "version": "4.6.4",
            "resolved": "https://registry.npmjs.org/typescript/-/typescript-4.6.4.tgz",
            "integrity": "sha512-9ia/jWHIEbo49HfjrLGfKbZSuWo9iTMwXO+Ca3pRsSpbsMbc7/IU8NKdCZVRRBafVPGnoJeFL76ZOAA84I9fEg==",
            "bin": {
                "tsc": "bin/tsc",
                "tsserver": "bin/tsserver"
            },
            "engines": {
                "node": ">=4.2.0"
            }
        }
    },
    "dependencies": {
        "@types/node": {
            "version": "16.11.22",
            "resolved": "https://registry.npmjs.org/@types/node/-/node-16.11.22.tgz",
            "integrity": "sha512-DYNtJWauMQ9RNpesl4aVothr97/tIJM8HbyOXJ0AYT1Z2bEjLHyfjOBPAQQVMLf8h3kSShYfNk8Wnto8B2zHUA==",
            "dev": true
        },
        "node-fpe": {
            "version": "1.0.0",
            "resolved": "https://registry.npmjs.org/node-fpe/-/node-fpe-1.0.0.tgz",
            "integrity": "sha1-7KtXbkf1eJNO+6TnpIJ78pKGJhw="
        },
        "typescript": {
            "version": "4.6.4",
            "resolved": "https://registry.npmjs.org/typescript/-/typescript-4.6.4.tgz",
            "integrity": "sha512-9ia/jWHIEbo49HfjrLGfKbZSuWo9iTMwXO+Ca3pRsSpbsMbc7/IU8NKdCZVRRBafVPGnoJeFL76ZOAA84I9fEg=="
        }
    }
}
